
Microsoft Visual Studio Solution File, Format Version 12.00
# Visual Studio Version 17
VisualStudioVersion = 17.13.35919.96 d17.13
MinimumVisualStudioVersion = 10.0.40219.1
Project("{FAE04EC0-301F-11D3-BF4B-00C04F79EFBC}") = "CalendarApp", "WindowsFormsApp7\CalendarApp.csproj", "{F3C63CDF-691A-43CA-9594-1CA500C3F07E}"
EndProject
Global
	GlobalSection(SolutionConfigurationPlatforms) = preSolution
		Debug|Any CPU = Debug|Any CPU
		Release|Any CPU = Release|Any CPU
	EndGlobalSection
	GlobalSection(ProjectConfigurationPlatforms) = postSolution
		{F3C63CDF-691A-43CA-9594-1CA500C3F07E}.Debug|Any CPU.ActiveCfg = Debug|Any CPU
		{F3C63CDF-691A-43CA-9594-1CA500C3F07E}.Debug|Any CPU.Build.0 = Debug|Any CPU
		{F3C63CDF-691A-43CA-9594-1CA500C3F07E}.Release|Any CPU.ActiveCfg = Release|Any CPU
		{F3C63CDF-691A-43CA-9594-1CA500C3F07E}.Release|Any CPU.Build.0 = Release|Any CPU
	EndGlobalSection
	GlobalSection(SolutionProperties) = preSolution
		HideSolutionNode = FALSE
	EndGlobalSection
	GlobalSection(ExtensibilityGlobals) = postSolution
		SolutionGuid = {0C82E113-9890-454F-9E74-260B870C7A9A}
	EndGlobalSection
EndGlobal
